
Microsoft Visual Studio Solution File, Format Version 12.00
# Visual Studio 15
Project("{FAE04EC0-301F-11D3-BF4B-00C04F79EFBC}") = "Task_1_1", "Task_1_1\Task_1_1.csproj", "{6B336594-005C-46BB-A0C7-943E06D7A353}"
EndProject
Project("{FAE04EC0-301F-11D3-BF4B-00C04F79EFBC}") = "Task_1_2", "Task_1_2\Task_1_2.csproj", "{14903899-498B-42A5-B15A-2FCCBE33ABF7}"
EndProject
Global
	GlobalSection(SolutionConfigurationPlatforms) = preSolution
		Debug|Any CPU = Debug|Any CPU
		Release|Any CPU = Release|Any CPU
	EndGlobalSection
	GlobalSection(ProjectConfigurationPlatforms) = postSolution
		{6B336594-005C-46BB-A0C7-943E06D7A353}.Debug|Any CPU.ActiveCfg = Debug|Any CPU
		{6B336594-005C-46BB-A0C7-943E06D7A353}.Debug|Any CPU.Build.0 = Debug|Any CPU
		{6B336594-005C-46BB-A0C7-943E06D7A353}.Release|Any CPU.ActiveCfg = Release|Any CPU
		{6B336594-005C-46BB-A0C7-943E06D7A353}.Release|Any CPU.Build.0 = Release|Any CPU
		{14903899-498B-42A5-B15A-2FCCBE33ABF7}.Debug|Any CPU.ActiveCfg = Debug|Any CPU
		{14903899-498B-42A5-B15A-2FCCBE33ABF7}.Debug|Any CPU.Build.0 = Debug|Any CPU
		{14903899-498B-42A5-B15A-2FCCBE33ABF7}.Release|Any CPU.ActiveCfg = Release|Any CPU
		{14903899-498B-42A5-B15A-2FCCBE33ABF7}.Release|Any CPU.Build.0 = Release|Any CPU
	EndGlobalSection
EndGlobal
